
Microsoft Visual Studio Solution File, Format Version 12.00
# Visual Studio Version 16
VisualStudioVersion = 16.0.31005.135
MinimumVisualStudioVersion = 10.0.40219.1
Project("{9A19103F-16F7-4668-BE54-9A1E7A4F7556}") = "Catalog", "Catalog\Catalog.csproj", "{1BEC4E4A-71A4-4DDC-9F5F-275464AE35E9}"
EndProject
Project("{9A19103F-16F7-4668-BE54-9A1E7A4F7556}") = "Catalog.Tests", "Catalog.Tests\Catalog.Tests.csproj", "{879016F3-5AAE-4432-95D4-E925E7A87B7D}"
EndProject
Project("{9A19103F-16F7-4668-BE54-9A1E7A4F7556}") = "WeatherAuth", "WeatherAuth\WeatherAuth.csproj", "{7D711B14-672D-49B1-9260-9219E11EA63E}"
EndProject
Project("{9A19103F-16F7-4668-BE54-9A1E7A4F7556}") = "WeatherNoAuth", "WeatherNoAuth\WeatherNoAuth.csproj", "{8D7D2865-FF80-4BB2-B1BF-6B4E5A218E8B}"
EndProject
Project("{9A19103F-16F7-4668-BE54-9A1E7A4F7556}") = "WeatherIdentity", "WeatherIdentity\WeatherIdentity.csproj", "{3A4B1E3F-E560-4DE9-B9EB-E83399DB6E6A}"
EndProject
Global
	GlobalSection(SolutionConfigurationPlatforms) = preSolution
		Debug|Any CPU = Debug|Any CPU
		Release|Any CPU = Release|Any CPU
	EndGlobalSection
	GlobalSection(ProjectConfigurationPlatforms) = postSolution
		{1BEC4E4A-71A4-4DDC-9F5F-275464AE35E9}.Debug|Any CPU.ActiveCfg = Debug|Any CPU
		{1BEC4E4A-71A4-4DDC-9F5F-275464AE35E9}.Debug|Any CPU.Build.0 = Debug|Any CPU
		{1BEC4E4A-71A4-4DDC-9F5F-275464AE35E9}.Release|Any CPU.ActiveCfg = Release|Any CPU
		{1BEC4E4A-71A4-4DDC-9F5F-275464AE35E9}.Release|Any CPU.Build.0 = Release|Any CPU
		{879016F3-5AAE-4432-95D4-E925E7A87B7D}.Debug|Any CPU.ActiveCfg = Debug|Any CPU
		{879016F3-5AAE-4432-95D4-E925E7A87B7D}.Debug|Any CPU.Build.0 = Debug|Any CPU
		{879016F3-5AAE-4432-95D4-E925E7A87B7D}.Release|Any CPU.ActiveCfg = Release|Any CPU
		{879016F3-5AAE-4432-95D4-E925E7A87B7D}.Release|Any CPU.Build.0 = Release|Any CPU
		{7D711B14-672D-49B1-9260-9219E11EA63E}.Debug|Any CPU.ActiveCfg = Debug|Any CPU
		{7D711B14-672D-49B1-9260-9219E11EA63E}.Debug|Any CPU.Build.0 = Debug|Any CPU
		{7D711B14-672D-49B1-9260-9219E11EA63E}.Release|Any CPU.ActiveCfg = Release|Any CPU
		{7D711B14-672D-49B1-9260-9219E11EA63E}.Release|Any CPU.Build.0 = Release|Any CPU
		{8D7D2865-FF80-4BB2-B1BF-6B4E5A218E8B}.Debug|Any CPU.ActiveCfg = Debug|Any CPU
		{8D7D2865-FF80-4BB2-B1BF-6B4E5A218E8B}.Debug|Any CPU.Build.0 = Debug|Any CPU
		{8D7D2865-FF80-4BB2-B1BF-6B4E5A218E8B}.Release|Any CPU.ActiveCfg = Release|Any CPU
		{8D7D2865-FF80-4BB2-B1BF-6B4E5A218E8B}.Release|Any CPU.Build.0 = Release|Any CPU
		{3A4B1E3F-E560-4DE9-B9EB-E83399DB6E6A}.Debug|Any CPU.ActiveCfg = Debug|Any CPU
		{3A4B1E3F-E560-4DE9-B9EB-E83399DB6E6A}.Debug|Any CPU.Build.0 = Debug|Any CPU
		{3A4B1E3F-E560-4DE9-B9EB-E83399DB6E6A}.Release|Any CPU.ActiveCfg = Release|Any CPU
		{3A4B1E3F-E560-4DE9-B9EB-E83399DB6E6A}.Release|Any CPU.Build.0 = Release|Any CPU
	EndGlobalSection
	GlobalSection(SolutionProperties) = preSolution
		HideSolutionNode = FALSE
	EndGlobalSection
	GlobalSection(ExtensibilityGlobals) = postSolution
		SolutionGuid = {343FF077-2D53-45A3-BDD9-4091C425800E}
	EndGlobalSection
EndGlobal
